// !$*UTF8*$!
{
	archiveVersion = 1;
	classes = {
	};
	objectVersion = 56;
	objects = {

/* Begin PBXBuildFile section */
		188304A12C7F348B00B3B8AA /* AppDelegate.swift in Sources */ = {isa = PBXBuildFile; fileRef = 188304A02C7F348B00B3B8AA /* AppDelegate.swift */; };
		188304A32C7F348B00B3B8AA /* SceneDelegate.swift in Sources */ = {isa = PBXBuildFile; fileRef = 188304A22C7F348B00B3B8AA /* SceneDelegate.swift */; };
		188304A52C7F348B00B3B8AA /* ViewController.swift in Sources */ = {isa = PBXBuildFile; fileRef = 188304A42C7F348B00B3B8AA /* ViewController.swift */; };
		188304A82C7F348B00B3B8AA /* Main.storyboard in Resources */ = {isa = PBXBuildFile; fileRef = 188304A62C7F348B00B3B8AA /* Main.storyboard */; };
		188304AA2C7F348C00B3B8AA /* Assets.xcassets in Resources */ = {isa = PBXBuildFile; fileRef = 188304A92C7F348C00B3B8AA /* Assets.xcassets */; };
		188304AD2C7F348C00B3B8AA /* LaunchScreen.storyboard in Resources */ = {isa = PBXBuildFile; fileRef = 188304AB2C7F348C00B3B8AA /* LaunchScreen.storyboard */; };
		188304D22C7F34D100B3B8AA /* UnityFramework.framework in Frameworks */ = {isa = PBXBuildFile; fileRef = 188304CE2C7F34BF00B3B8AA /* UnityFramework.framework */; };
		188304D32C7F34D100B3B8AA /* UnityFramework.framework in Embed Frameworks */ = {isa = PBXBuildFile; fileRef = 188304CE2C7F34BF00B3B8AA /* UnityFramework.framework */; settings = {ATTRIBUTES = (CodeSignOnCopy, RemoveHeadersOnCopy, ); }; };
		188304D72C7F351700B3B8AA /* Unity.swift in Sources */ = {isa = PBXBuildFile; fileRef = 188304D62C7F351700B3B8AA /* Unity.swift */; };
/* End PBXBuildFile section */

/* Begin PBXContainerItemProxy section */
		188304C92C7F34BF00B3B8AA /* PBXContainerItemProxy */ = {
			isa = PBXContainerItemProxy;
			containerPortal = 188304B42C7F34BA00B3B8AA /* Unity-iPhone.xcodeproj */;
			proxyType = 2;
			remoteGlobalIDString = 1D6058910D05DD3D006BFB54;
			remoteInfo = "Unity-iPhone";
		};
		188304CB2C7F34BF00B3B8AA /* PBXContainerItemProxy */ = {
			isa = PBXContainerItemProxy;
			containerPortal = 188304B42C7F34BA00B3B8AA /* Unity-iPhone.xcodeproj */;
			proxyType = 2;
			remoteGlobalIDString = 5623C57317FDCB0800090B9E;
			remoteInfo = "Unity-iPhone Tests";
		};
		188304CD2C7F34BF00B3B8AA /* PBXContainerItemProxy */ = {
			isa = PBXContainerItemProxy;
			containerPortal = 188304B42C7F34BA00B3B8AA /* Unity-iPhone.xcodeproj */;
			proxyType = 2;
			remoteGlobalIDString = 9D25AB9D213FB47800354C27;
			remoteInfo = UnityFramework;
		};
		188304CF2C7F34BF00B3B8AA /* PBXContainerItemProxy */ = {
			isa = PBXContainerItemProxy;
			containerPortal = 188304B42C7F34BA00B3B8AA /* Unity-iPhone.xcodeproj */;
			proxyType = 2;
			remoteGlobalIDString = 7F4E05A02717216D00A2CBE4;
			remoteInfo = GameAssembly;
		};
/* End PBXContainerItemProxy section */

/* Begin PBXCopyFilesBuildPhase section */
		188304D42C7F34D100B3B8AA /* Embed Frameworks */ = {
			isa = PBXCopyFilesBuildPhase;
			buildActionMask = 2147483647;
			dstPath = "";
			dstSubfolderSpec = 10;
			files = (
				188304D32C7F34D100B3B8AA /* UnityFramework.framework in Embed Frameworks */,
			);
			name = "Embed Frameworks";
			runOnlyForDeploymentPostprocessing = 0;
		};
/* End PBXCopyFilesBuildPhase section */

/* Begin PBXFileReference section */
		1883049D2C7F348B00B3B8AA /* NativeiOS.app */ = {isa = PBXFileReference; explicitFileType = wrapper.application; includeInIndex = 0; path = NativeiOS.app; sourceTree = BUILT_PRODUCTS_DIR; };
		188304A02C7F348B00B3B8AA /* AppDelegate.swift */ = {isa = PBXFileReference; lastKnownFileType = sourcecode.swift; path = AppDelegate.swift; sourceTree = "<group>"; };
		188304A22C7F348B00B3B8AA /* SceneDelegate.swift */ = {isa = PBXFileReference; lastKnownFileType = sourcecode.swift; path = SceneDelegate.swift; sourceTree = "<group>"; };
		188304A42C7F348B00B3B8AA /* ViewController.swift */ = {isa = PBXFileReference; lastKnownFileType = sourcecode.swift; path = ViewController.swift; sourceTree = "<group>"; };
		188304A72C7F348B00B3B8AA /* Base */ = {isa = PBXFileReference; lastKnownFileType = file.storyboard; name = Base; path = Base.lproj/Main.storyboard; sourceTree = "<group>"; };
		188304A92C7F348C00B3B8AA /* Assets.xcassets */ = {isa = PBXFileReference; lastKnownFileType = folder.assetcatalog; path = Assets.xcassets; sourceTree = "<group>"; };
		188304AC2C7F348C00B3B8AA /* Base */ = {isa = PBXFileReference; lastKnownFileType = file.storyboard; name = Base; path = Base.lproj/LaunchScreen.storyboard; sourceTree = "<group>"; };
		188304AE2C7F348C00B3B8AA /* Info.plist */ = {isa = PBXFileReference; lastKnownFileType = text.plist.xml; path = Info.plist; sourceTree = "<group>"; };
		188304B42C7F34BA00B3B8AA /* Unity-iPhone.xcodeproj */ = {isa = PBXFileReference; lastKnownFileType = "wrapper.pb-project"; name = "Unity-iPhone.xcodeproj"; path = "../ExportIOS/Unity-iPhone.xcodeproj"; sourceTree = "<group>"; };
		188304D62C7F351700B3B8AA /* Unity.swift */ = {isa = PBXFileReference; lastKnownFileType = sourcecode.swift; path = Unity.swift; sourceTree = "<group>"; };
/* End PBXFileReference section */

/* Begin PBXFrameworksBuildPhase section */
		1883049A2C7F348B00B3B8AA /* Frameworks */ = {
			isa = PBXFrameworksBuildPhase;
			buildActionMask = 2147483647;
			files = (
				188304D22C7F34D100B3B8AA /* UnityFramework.framework in Frameworks */,
			);
			runOnlyForDeploymentPostprocessing = 0;
		};
/* End PBXFrameworksBuildPhase section */

/* Begin PBXGroup section */
		188304942C7F348B00B3B8AA = {
			isa = PBXGroup;
			children = (
				188304D62C7F351700B3B8AA /* Unity.swift */,
				1883049F2C7F348B00B3B8AA /* NativeiOS */,
				188304B42C7F34BA00B3B8AA /* Unity-iPhone.xcodeproj */,
				1883049E2C7F348B00B3B8AA /* Products */,
				188304D12C7F34D100B3B8AA /* Frameworks */,
			);
			sourceTree = "<group>";
		};
		1883049E2C7F348B00B3B8AA /* Products */ = {
			isa = PBXGroup;
			children = (
				1883049D2C7F348B00B3B8AA /* NativeiOS.app */,
			);
			name = Products;
			sourceTree = "<group>";
		};
		1883049F2C7F348B00B3B8AA /* NativeiOS */ = {
			isa = PBXGroup;
			children = (
				188304A02C7F348B00B3B8AA /* AppDelegate.swift */,
				188304A22C7F348B00B3B8AA /* SceneDelegate.swift */,
				188304A42C7F348B00B3B8AA /* ViewController.swift */,
				188304A62C7F348B00B3B8AA /* Main.storyboard */,
				188304A92C7F348C00B3B8AA /* Assets.xcassets */,
				188304AB2C7F348C00B3B8AA /* LaunchScreen.storyboard */,
				188304AE2C7F348C00B3B8AA /* Info.plist */,
			);
			path = NativeiOS;
			sourceTree = "<group>";
		};
		188304C32C7F34BF00B3B8AA /* Products */ = {
			isa = PBXGroup;
			children = (
				188304CA2C7F34BF00B3B8AA /* Unity-Target-New.app */,
				188304CC2C7F34BF00B3B8AA /* Unity-iPhone Tests.xctest */,
				188304CE2C7F34BF00B3B8AA /* UnityFramework.framework */,
				188304D02C7F34BF00B3B8AA /* libGameAssembly.a */,
			);
			name = Products;
			sourceTree = "<group>";
		};
		188304D12C7F34D100B3B8AA /* Frameworks */ = {
			isa = PBXGroup;
			children = (
			);
			name = Frameworks;
			sourceTree = "<group>";
		};
/* End PBXGroup section */

/* Begin PBXNativeTarget section */
		1883049C2C7F348B00B3B8AA /* NativeiOS */ = {
			isa = PBXNativeTarget;
			buildConfigurationList = 188304B12C7F348C00B3B8AA /* Build configuration list for PBXNativeTarget "NativeiOS" */;
			buildPhases = (
				188304992C7F348B00B3B8AA /* Sources */,
				1883049A2C7F348B00B3B8AA /* Frameworks */,
				1883049B2C7F348B00B3B8AA /* Resources */,
				188304D42C7F34D100B3B8AA /* Embed Frameworks */,
			);
			buildRules = (
			);
			dependencies = (
			);
			name = NativeiOS;
			productName = NativeiOS;
			productReference = 1883049D2C7F348B00B3B8AA /* NativeiOS.app */;
			productType = "com.apple.product-type.application";
		};
/* End PBXNativeTarget section */

/* Begin PBXProject section */
		188304952C7F348B00B3B8AA /* Project object */ = {
			isa = PBXProject;
			attributes = {
				BuildIndependentTargetsInParallel = 1;
				LastSwiftUpdateCheck = 1520;
				LastUpgradeCheck = 1520;
				TargetAttributes = {
					1883049C2C7F348B00B3B8AA = {
						CreatedOnToolsVersion = 15.2;
					};
				};
			};
			buildConfigurationList = 188304982C7F348B00B3B8AA /* Build configuration list for PBXProject "NativeiOS" */;
			compatibilityVersion = "Xcode 14.0";
			developmentRegion = en;
			hasScannedForEncodings = 0;
			knownRegions = (
				en,
				Base,
			);
			mainGroup = 188304942C7F348B00B3B8AA;
			productRefGroup = 1883049E2C7F348B00B3B8AA /* Products */;
			projectDirPath = "";
			projectReferences = (
				{
					ProductGroup = 188304C32C7F34BF00B3B8AA /* Products */;
					ProjectRef = 188304B42C7F34BA00B3B8AA /* Unity-iPhone.xcodeproj */;
				},
			);
			projectRoot = "";
			targets = (
				1883049C2C7F348B00B3B8AA /* NativeiOS */,
			);
		};
/* End PBXProject section */

/* Begin PBXReferenceProxy section */
		188304CA2C7F34BF00B3B8AA /* Unity-Target-New.app */ = {
			isa = PBXReferenceProxy;
			fileType = wrapper.application;
			name = "Unity-Target-New.app";
			path = PWCAPP.app;
			remoteRef = 188304C92C7F34BF00B3B8AA /* PBXContainerItemProxy */;
			sourceTree = BUILT_PRODUCTS_DIR;
		};
		188304CC2C7F34BF00B3B8AA /* Unity-iPhone Tests.xctest */ = {
			isa = PBXReferenceProxy;
			fileType = wrapper.cfbundle;
			path = "Unity-iPhone Tests.xctest";
			remoteRef = 188304CB2C7F34BF00B3B8AA /* PBXContainerItemProxy */;
			sourceTree = BUILT_PRODUCTS_DIR;
		};
		188304CE2C7F34BF00B3B8AA /* UnityFramework.framework */ = {
			isa = PBXReferenceProxy;
			fileType = wrapper.framework;
			path = UnityFramework.framework;
			remoteRef = 188304CD2C7F34BF00B3B8AA /* PBXContainerItemProxy */;
			sourceTree = BUILT_PRODUCTS_DIR;
		};
		188304D02C7F34BF00B3B8AA /* libGameAssembly.a */ = {
			isa = PBXReferenceProxy;
			fileType = archive.ar;
			path = libGameAssembly.a;
			remoteRef = 188304CF2C7F34BF00B3B8AA /* PBXContainerItemProxy */;
			sourceTree = BUILT_PRODUCTS_DIR;
		};
/* End PBXReferenceProxy section */

/* Begin PBXResourcesBuildPhase section */
		1883049B2C7F348B00B3B8AA /* Resources */ = {
			isa = PBXResourcesBuildPhase;
			buildActionMask = 2147483647;
			files = (
				188304AD2C7F348C00B3B8AA /* LaunchScreen.storyboard in Resources */,
				188304AA2C7F348C00B3B8AA /* Assets.xcassets in Resources */,
				188304A82C7F348B00B3B8AA /* Main.storyboard in Resources */,
			);
			runOnlyForDeploymentPostprocessing = 0;
		};
/* End PBXResourcesBuildPhase section */

/* Begin PBXSourcesBuildPhase section */
		188304992C7F348B00B3B8AA /* Sources */ = {
			isa = PBXSourcesBuildPhase;
			buildActionMask = 2147483647;
			files = (
				188304A52C7F348B00B3B8AA /* ViewController.swift in Sources */,
				188304A12C7F348B00B3B8AA /* AppDelegate.swift in Sources */,
				188304A32C7F348B00B3B8AA /* SceneDelegate.swift in Sources */,
				188304D72C7F351700B3B8AA /* Unity.swift in Sources */,
			);
			runOnlyForDeploymentPostprocessing = 0;
		};
/* End PBXSourcesBuildPhase section */

/* Begin PBXVariantGroup section */
		188304A62C7F348B00B3B8AA /* Main.storyboard */ = {
			isa = PBXVariantGroup;
			children = (
				188304A72C7F348B00B3B8AA /* Base */,
			);
			name = Main.storyboard;
			sourceTree = "<group>";
		};
		188304AB2C7F348C00B3B8AA /* LaunchScreen.storyboard */ = {
			isa = PBXVariantGroup;
			children = (
				188304AC2C7F348C00B3B8AA /* Base */,
			);
			name = LaunchScreen.storyboard;
			sourceTree = "<group>";
		};
/* End PBXVariantGroup section */

/* Begin XCBuildConfiguration section */
		188304AF2C7F348C00B3B8AA /* Debug */ = {
			isa = XCBuildConfiguration;
			buildSettings = {
				ALWAYS_SEARCH_USER_PATHS = NO;
				ASSETCATALOG_COMPILER_GENERATE_SWIFT_ASSET_SYMBOL_EXTENSIONS = YES;
				CLANG_ANALYZER_NONNULL = YES;
				CLANG_ANALYZER_NUMBER_OBJECT_CONVERSION = YES_AGGRESSIVE;
				CLANG_CXX_LANGUAGE_STANDARD = "gnu++20";
				CLANG_ENABLE_MODULES = YES;
				CLANG_ENABLE_OBJC_ARC = YES;
				CLANG_ENABLE_OBJC_WEAK = YES;
				CLANG_WARN_BLOCK_CAPTURE_AUTORELEASING = YES;
				CLANG_WARN_BOOL_CONVERSION = YES;
				CLANG_WARN_COMMA = YES;
				CLANG_WARN_CONSTANT_CONVERSION = YES;
				CLANG_WARN_DEPRECATED_OBJC_IMPLEMENTATIONS = YES;
				CLANG_WARN_DIRECT_OBJC_ISA_USAGE = YES_ERROR;
				CLANG_WARN_DOCUMENTATION_COMMENTS = YES;
				CLANG_WARN_EMPTY_BODY = YES;
				CLANG_WARN_ENUM_CONVERSION = YES;
				CLANG_WARN_INFINITE_RECURSION = YES;
				CLANG_WARN_INT_CONVERSION = YES;
				CLANG_WARN_NON_LITERAL_NULL_CONVERSION = YES;
				CLANG_WARN_OBJC_IMPLICIT_RETAIN_SELF = YES;
				CLANG_WARN_OBJC_LITERAL_CONVERSION = YES;
				CLANG_WARN_OBJC_ROOT_CLASS = YES_ERROR;
				CLANG_WARN_QUOTED_INCLUDE_IN_FRAMEWORK_HEADER = YES;
				CLANG_WARN_RANGE_LOOP_ANALYSIS = YES;
				CLANG_WARN_STRICT_PROTOTYPES = YES;
				CLANG_WARN_SUSPICIOUS_MOVE = YES;
				CLANG_WARN_UNGUARDED_AVAILABILITY = YES_AGGRESSIVE;
				CLANG_WARN_UNREACHABLE_CODE = YES;
				CLANG_WARN__DUPLICATE_METHOD_MATCH = YES;
				COPY_PHASE_STRIP = NO;
				DEBUG_INFORMATION_FORMAT = dwarf;
				ENABLE_STRICT_OBJC_MSGSEND = YES;
				ENABLE_TESTABILITY = YES;
				ENABLE_USER_SCRIPT_SANDBOXING = YES;
				GCC_C_LANGUAGE_STANDARD = gnu17;
				GCC_DYNAMIC_NO_PIC = NO;
				GCC_NO_COMMON_BLOCKS = YES;
				GCC_OPTIMIZATION_LEVEL = 0;
				GCC_PREPROCESSOR_DEFINITIONS = (
					"DEBUG=1",
					"$(inherited)",
				);
				GCC_WARN_64_TO_32_BIT_CONVERSION = YES;
				GCC_WARN_ABOUT_RETURN_TYPE = YES_ERROR;
				GCC_WARN_UNDECLARED_SELECTOR = YES;
				GCC_WARN_UNINITIALIZED_AUTOS = YES_AGGRESSIVE;
				GCC_WARN_UNUSED_FUNCTION = YES;
				GCC_WARN_UNUSED_VARIABLE = YES;
				IPHONEOS_DEPLOYMENT_TARGET = 17.2;
				LOCALIZATION_PREFERS_STRING_CATALOGS = YES;
				MTL_ENABLE_DEBUG_INFO = INCLUDE_SOURCE;
				MTL_FAST_MATH = YES;
				ONLY_ACTIVE_ARCH = YES;
				SDKROOT = iphoneos;
				SWIFT_ACTIVE_COMPILATION_CONDITIONS = "DEBUG $(inherited)";
				SWIFT_OPTIMIZATION_LEVEL = "-Onone";
			};
			name = Debug;
		};
		188304B02C7F348C00B3B8AA /* Release */ = {
			isa = XCBuildConfiguration;
			buildSettings = {
				ALWAYS_SEARCH_USER_PATHS = NO;
				ASSETCATALOG_COMPILER_GENERATE_SWIFT_ASSET_SYMBOL_EXTENSIONS = YES;
				CLANG_ANALYZER_NONNULL = YES;
				CLANG_ANALYZER_NUMBER_OBJECT_CONVERSION = YES_AGGRESSIVE;
				CLANG_CXX_LANGUAGE_STANDARD = "gnu++20";
				CLANG_ENABLE_MODULES = YES;
				CLANG_ENABLE_OBJC_ARC = YES;
				CLANG_ENABLE_OBJC_WEAK = YES;
				CLANG_WARN_BLOCK_CAPTURE_AUTORELEASING = YES;
				CLANG_WARN_BOOL_CONVERSION = YES;
				CLANG_WARN_COMMA = YES;
				CLANG_WARN_CONSTANT_CONVERSION = YES;
				CLANG_WARN_DEPRECATED_OBJC_IMPLEMENTATIONS = YES;
				CLANG_WARN_DIRECT_OBJC_ISA_USAGE = YES_ERROR;
				CLANG_WARN_DOCUMENTATION_COMMENTS = YES;
				CLANG_WARN_EMPTY_BODY = YES;
				CLANG_WARN_ENUM_CONVERSION = YES;
				CLANG_WARN_INFINITE_RECURSION = YES;
				CLANG_WARN_INT_CONVERSION = YES;
				CLANG_WARN_NON_LITERAL_NULL_CONVERSION = YES;
				CLANG_WARN_OBJC_IMPLICIT_RETAIN_SELF = YES;
				CLANG_WARN_OBJC_LITERAL_CONVERSION = YES;
				CLANG_WARN_OBJC_ROOT_CLASS = YES_ERROR;
				CLANG_WARN_QUOTED_INCLUDE_IN_FRAMEWORK_HEADER = YES;
				CLANG_WARN_RANGE_LOOP_ANALYSIS = YES;
				CLANG_WARN_STRICT_PROTOTYPES = YES;
				CLANG_WARN_SUSPICIOUS_MOVE = YES;
				CLANG_WARN_UNGUARDED_AVAILABILITY = YES_AGGRESSIVE;
				CLANG_WARN_UNREACHABLE_CODE = YES;
				CLANG_WARN__DUPLICATE_METHOD_MATCH = YES;
				COPY_PHASE_STRIP = NO;
				DEBUG_INFORMATION_FORMAT = "dwarf-with-dsym";
				ENABLE_NS_ASSERTIONS = NO;
				ENABLE_STRICT_OBJC_MSGSEND = YES;
				ENABLE_USER_SCRIPT_SANDBOXING = YES;
				GCC_C_LANGUAGE_STANDARD = gnu17;
				GCC_NO_COMMON_BLOCKS = YES;
				GCC_WARN_64_TO_32_BIT_CONVERSION = YES;
				GCC_WARN_ABOUT_RETURN_TYPE = YES_ERROR;
				GCC_WARN_UNDECLARED_SELECTOR = YES;
				GCC_WARN_UNINITIALIZED_AUTOS = YES_AGGRESSIVE;
				GCC_WARN_UNUSED_FUNCTION = YES;
				GCC_WARN_UNUSED_VARIABLE = YES;
				IPHONEOS_DEPLOYMENT_TARGET = 17.2;
				LOCALIZATION_PREFERS_STRING_CATALOGS = YES;
				MTL_ENABLE_DEBUG_INFO = NO;
				MTL_FAST_MATH = YES;
				SDKROOT = iphoneos;
				SWIFT_COMPILATION_MODE = wholemodule;
				VALIDATE_PRODUCT = YES;
			};
			name = Release;
		};
		188304B22C7F348C00B3B8AA /* Debug */ = {
			isa = XCBuildConfiguration;
			buildSettings = {
				ASSETCATALOG_COMPILER_APPICON_NAME = AppIcon;
				ASSETCATALOG_COMPILER_GLOBAL_ACCENT_COLOR_NAME = AccentColor;
				CODE_SIGN_STYLE = Automatic;
				CURRENT_PROJECT_VERSION = 1;
				DEVELOPMENT_TEAM = 58J5AJAMP8;
				GENERATE_INFOPLIST_FILE = YES;
				INFOPLIST_FILE = NativeiOS/Info.plist;
				INFOPLIST_KEY_UIApplicationSupportsIndirectInputEvents = YES;
				INFOPLIST_KEY_UILaunchStoryboardName = LaunchScreen;
				INFOPLIST_KEY_UIMainStoryboardFile = Main;
				INFOPLIST_KEY_UISupportedInterfaceOrientations_iPad = "UIInterfaceOrientationPortrait UIInterfaceOrientationPortraitUpsideDown UIInterfaceOrientationLandscapeLeft UIInterfaceOrientationLandscapeRight";
				INFOPLIST_KEY_UISupportedInterfaceOrientations_iPhone = "UIInterfaceOrientationPortrait UIInterfaceOrientationLandscapeLeft UIInterfaceOrientationLandscapeRight";
				LD_RUNPATH_SEARCH_PATHS = (
					"$(inherited)",
					"@executable_path/Frameworks",
				);
				MARKETING_VERSION = 1.0;
				PRODUCT_BUNDLE_IDENTIFIER = com.testing.abc.NativeiOS;
				PRODUCT_NAME = "$(TARGET_NAME)";
				SWIFT_EMIT_LOC_STRINGS = YES;
				SWIFT_VERSION = 5.0;
				TARGETED_DEVICE_FAMILY = "1,2";
			};
			name = Debug;
		};
		188304B32C7F348C00B3B8AA /* Release */ = {
			isa = XCBuildConfiguration;
			buildSettings = {
				ASSETCATALOG_COMPILER_APPICON_NAME = AppIcon;
				ASSETCATALOG_COMPILER_GLOBAL_ACCENT_COLOR_NAME = AccentColor;
				CODE_SIGN_STYLE = Automatic;
				CURRENT_PROJECT_VERSION = 1;
				DEVELOPMENT_TEAM = 58J5AJAMP8;
				GENERATE_INFOPLIST_FILE = YES;
				INFOPLIST_FILE = NativeiOS/Info.plist;
				INFOPLIST_KEY_UIApplicationSupportsIndirectInputEvents = YES;
				INFOPLIST_KEY_UILaunchStoryboardName = LaunchScreen;
				INFOPLIST_KEY_UIMainStoryboardFile = Main;
				INFOPLIST_KEY_UISupportedInterfaceOrientations_iPad = "UIInterfaceOrientationPortrait UIInterfaceOrientationPortraitUpsideDown UIInterfaceOrientationLandscapeLeft UIInterfaceOrientationLandscapeRight";
				INFOPLIST_KEY_UISupportedInterfaceOrientations_iPhone = "UIInterfaceOrientationPortrait UIInterfaceOrientationLandscapeLeft UIInterfaceOrientationLandscapeRight";
				LD_RUNPATH_SEARCH_PATHS = (
					"$(inherited)",
					"@executable_path/Frameworks",
				);
				MARKETING_VERSION = 1.0;
				PRODUCT_BUNDLE_IDENTIFIER = com.testing.abc.NativeiOS;
				PRODUCT_NAME = "$(TARGET_NAME)";
				SWIFT_EMIT_LOC_STRINGS = YES;
				SWIFT_VERSION = 5.0;
				TARGETED_DEVICE_FAMILY = "1,2";
			};
			name = Release;
		};
/* End XCBuildConfiguration section */

/* Begin XCConfigurationList section */
		188304982C7F348B00B3B8AA /* Build configuration list for PBXProject "NativeiOS" */ = {
			isa = XCConfigurationList;
			buildConfigurations = (
				188304AF2C7F348C00B3B8AA /* Debug */,
				188304B02C7F348C00B3B8AA /* Release */,
			);
			defaultConfigurationIsVisible = 0;
			defaultConfigurationName = Release;
		};
		188304B12C7F348C00B3B8AA /* Build configuration list for PBXNativeTarget "NativeiOS" */ = {
			isa = XCConfigurationList;
			buildConfigurations = (
				188304B22C7F348C00B3B8AA /* Debug */,
				188304B32C7F348C00B3B8AA /* Release */,
			);
			defaultConfigurationIsVisible = 0;
			defaultConfigurationName = Release;
		};
/* End XCConfigurationList section */
	};
	rootObject = 188304952C7F348B00B3B8AA /* Project object */;
}
